Microsoft Visual Studio Solution File, Format Version 12.00
# Visual Studio 2012
Project("{FAE04EC0-301F-11D3-BF4B-00C04F79EFBC}") = "Xamarin.Utilities.iOS", "Xamarin.Utilities.iOS\Xamarin.Utilities.iOS.csproj", "{5E7E39CA-0CCE-41FE-A868-EE0E567E069E}"
EndProject
Project("{FAE04EC0-301F-11D3-BF4B-00C04F79EFBC}") = "Xamarin.Utilities.Android", "Xamarin.Utilities.Android\Xamarin.Utilities.Android.csproj", "{9D4EB2B6-0F07-46EF-B88D-08BF7813AEA7}"
EndProject
Project("{FAE04EC0-301F-11D3-BF4B-00C04F79EFBC}") = "Xamarin.Utilities.Core.iOS", "Xamarin.Utilities.Core\Xamarin.Utilities.Core.iOS.csproj", "{FDF746EB-46C2-4B70-80AC-07B542140836}"
EndProject
Project("{FAE04EC0-301F-11D3-BF4B-00C04F79EFBC}") = "Xamarin.Utilities.Core.Android", "Xamarin.Utilities.Core\Xamarin.Utilities.Core.Android.csproj", "{2C53C231-048E-4143-AEFA-1F83CF020329}"
EndProject
Global
	GlobalSection(SolutionConfigurationPlatforms) = preSolution
		Debug|Any CPU = Debug|Any CPU
		Release|Any CPU = Release|Any CPU
	EndGlobalSection
	GlobalSection(ProjectConfigurationPlatforms) = postSolution
		{5E7E39CA-0CCE-41FE-A868-EE0E567E069E}.Debug|Any CPU.ActiveCfg = Debug|Any CPU
		{5E7E39CA-0CCE-41FE-A868-EE0E567E069E}.Debug|Any CPU.Build.0 = Debug|Any CPU
		{5E7E39CA-0CCE-41FE-A868-EE0E567E069E}.Release|Any CPU.ActiveCfg = Release|Any CPU
		{5E7E39CA-0CCE-41FE-A868-EE0E567E069E}.Release|Any CPU.Build.0 = Release|Any CPU
		{9D4EB2B6-0F07-46EF-B88D-08BF7813AEA7}.Debug|Any CPU.ActiveCfg = Debug|Any CPU
		{9D4EB2B6-0F07-46EF-B88D-08BF7813AEA7}.Debug|Any CPU.Build.0 = Debug|Any CPU
		{9D4EB2B6-0F07-46EF-B88D-08BF7813AEA7}.Release|Any CPU.ActiveCfg = Release|Any CPU
		{9D4EB2B6-0F07-46EF-B88D-08BF7813AEA7}.Release|Any CPU.Build.0 = Release|Any CPU
		{FDF746EB-46C2-4B70-80AC-07B542140836}.Debug|Any CPU.ActiveCfg = Debug|Any CPU
		{FDF746EB-46C2-4B70-80AC-07B542140836}.Debug|Any CPU.Build.0 = Debug|Any CPU
		{FDF746EB-46C2-4B70-80AC-07B542140836}.Release|Any CPU.ActiveCfg = Release|Any CPU
		{FDF746EB-46C2-4B70-80AC-07B542140836}.Release|Any CPU.Build.0 = Release|Any CPU
		{2C53C231-048E-4143-AEFA-1F83CF020329}.Debug|Any CPU.ActiveCfg = Debug|Any CPU
		{2C53C231-048E-4143-AEFA-1F83CF020329}.Debug|Any CPU.Build.0 = Debug|Any CPU
		{2C53C231-048E-4143-AEFA-1F83CF020329}.Release|Any CPU.ActiveCfg = Release|Any CPU
		{2C53C231-048E-4143-AEFA-1F83CF020329}.Release|Any CPU.Build.0 = Release|Any CPU
	EndGlobalSection
	GlobalSection(SolutionProperties) = preSolution
		HideSolutionNode = FALSE
	EndGlobalSection
	GlobalSection(MonoDevelopProperties) = preSolution
		StartupItem = Xamarin.Utilities.iOS\Xamarin.Utilities.iOS.csproj
	EndGlobalSection
EndGlobal
